PODS:
  - Flutter (1.0.0)
  - nfc_hce_reader (0.0.1):
    - Flutter

DEPENDENCIES:
  - Flutter (from `.symlinks/flutter/ios`)
  - nfc_hce_reader (from `.symlinks/plugins/nfc_hce_reader/ios`)

EXTERNAL SOURCES:
  Flutter:
    :path: ".symlinks/flutter/ios"
  nfc_hce_reader:
    :path: ".symlinks/plugins/nfc_hce_reader/ios"

SPEC CHECKSUMS:
  Flutter: 58dd7d1b27887414a370fcccb9e645c08ffd7a6a
  nfc_hce_reader: b7a6a26bb5f97b8c46d2e4461b95c8ea7a60a66d

PODFILE CHECKSUM: b6a0a141693093b304368d08511b46cf3d1d0ac5

COCOAPODS: 1.7.4
